Microsoft Visual Studio Solution File, Format Version 8.00
Project("{FAE04EC0-301F-11D3-BF4B-00C04F79EFBC}") = "VedioCapture", "VedioCapture\VedioCapture.csproj", "{C3A80DDC-2720-4B98-A0F6-A13426D9F19C}"
	ProjectSection(ProjectDependencies) = postProject
	EndProjectSection
EndProject
Global
	GlobalSection(SolutionConfiguration) = preSolution
		Debug = Debug
		Release = Release
	EndGlobalSection
	GlobalSection(ProjectConfiguration) = postSolution
		{C3A80DDC-2720-4B98-A0F6-A13426D9F19C}.Debug.ActiveCfg = Debug|.NET
		{C3A80DDC-2720-4B98-A0F6-A13426D9F19C}.Debug.Build.0 = Debug|.NET
		{C3A80DDC-2720-4B98-A0F6-A13426D9F19C}.Release.ActiveCfg = Release|.NET
		{C3A80DDC-2720-4B98-A0F6-A13426D9F19C}.Release.Build.0 = Release|.NET
	EndGlobalSection
	GlobalSection(ExtensibilityGlobals) = postSolution
	EndGlobalSection
	GlobalSection(ExtensibilityAddIns) = postSolution
	EndGlobalSection
EndGlobal
