
Microsoft Visual Studio Solution File, Format Version 11.00
# Visual Studio 2010
Project("{FAE04EC0-301F-11D3-BF4B-00C04F79EFBC}") = "KinectDepthImageDemo", "KinectDepthImageDemo\KinectDepthImageDemo.csproj", "{3ED2FE19-59D4-4F3C-AD72-2E521E6AF816}"
EndProject
Global
	GlobalSection(SolutionConfigurationPlatforms) = preSolution
		Debug|x86 = Debug|x86
		Release|x86 = Release|x86
	EndGlobalSection
	GlobalSection(ProjectConfigurationPlatforms) = postSolution
		{3ED2FE19-59D4-4F3C-AD72-2E521E6AF816}.Debug|x86.ActiveCfg = Debug|x86
		{3ED2FE19-59D4-4F3C-AD72-2E521E6AF816}.Debug|x86.Build.0 = Debug|x86
		{3ED2FE19-59D4-4F3C-AD72-2E521E6AF816}.Release|x86.ActiveCfg = Release|x86
		{3ED2FE19-59D4-4F3C-AD72-2E521E6AF816}.Release|x86.Build.0 = Release|x86
	EndGlobalSection
	GlobalSection(SolutionProperties) = preSolution
		HideSolutionNode = FALSE
	EndGlobalSection
EndGlobal
